lockfileVersion: '6.0'

settings:
  autoInstallPeers: true
  excludeLinksFromLockfile: false

dependencies:
  luxon:
    specifier: ^3.4.4
    version: 3.4.4

packages:

  /luxon@3.4.4:
    resolution: {integrity: sha512-zobTr7akeGHnv7eBOXcRgMeCP6+uyYsczwmeRCauvpvaAltgNyTbLH/+VaEAPUeWBT+1GuNmz4wC/6jtQzbbVA==}
    engines: {node: '>=12'}
    dev: false
